// !$*UTF8*$!
{
	archiveVersion = 1;
	classes = {
	};
	objectVersion = 46;
	objects = {

/* Begin PBXBuildFile section */
		3FDA823A1BADC35900DC5676 /* AppDelegate.swift in Sources */ = {isa = PBXBuildFile; fileRef = 3FDA82391BADC35900DC5676 /* AppDelegate.swift */; };
		3FDA823C1BADC35900DC5676 /* ViewController.swift in Sources */ = {isa = PBXBuildFile; fileRef = 3FDA823B1BADC35900DC5676 /* ViewController.swift */; };
		3FDA823F1BADC35900DC5676 /* Main.storyboard in Resources */ = {isa = PBXBuildFile; fileRef = 3FDA823D1BADC35900DC5676 /* Main.storyboard */; };
		3FDA82411BADC35900DC5676 /* Images.xcassets in Resources */ = {isa = PBXBuildFile; fileRef = 3FDA82401BADC35900DC5676 /* Images.xcassets */; };
		3FDA82441BADC35900DC5676 /* LaunchScreen.xib in Resources */ = {isa = PBXBuildFile; fileRef = 3FDA82421BADC35900DC5676 /* LaunchScreen.xib */; };
		3FDA82501BADC35900DC5676 /* FunFactsTests.swift in Sources */ = {isa = PBXBuildFile; fileRef = 3FDA824F1BADC35900DC5676 /* FunFactsTests.swift */; };
		3FDA825A1BAE1DAC00DC5676 /* FactBook.swift in Sources */ = {isa = PBXBuildFile; fileRef = 3FDA82591BAE1DAC00DC5676 /* FactBook.swift */; };
		3FDA825C1BAE2DBB00DC5676 /* ColorWheel.swift in Sources */ = {isa = PBXBuildFile; fileRef = 3FDA825B1BAE2DBB00DC5676 /* ColorWheel.swift */; };
/* End PBXBuildFile section */

/* Begin PBXContainerItemProxy section */
		3FDA824A1BADC35900DC5676 /* PBXContainerItemProxy */ = {
			isa = PBXContainerItemProxy;
			containerPortal = 3FDA822C1BADC35900DC5676 /* Project object */;
			proxyType = 1;
			remoteGlobalIDString = 3FDA82331BADC35900DC5676;
			remoteInfo = FunFacts;
		};
/* End PBXContainerItemProxy section */

/* Begin PBXFileReference section */
		3FDA82341BADC35900DC5676 /* FunFacts.app */ = {isa = PBXFileReference; explicitFileType = wrapper.application; includeInIndex = 0; path = FunFacts.app; sourceTree = BUILT_PRODUCTS_DIR; };
		3FDA82381BADC35900DC5676 /* Info.plist */ = {isa = PBXFileReference; lastKnownFileType = text.plist.xml; path = Info.plist; sourceTree = "<group>"; };
		3FDA82391BADC35900DC5676 /* AppDelegate.swift */ = {isa = PBXFileReference; lastKnownFileType = sourcecode.swift; path = AppDelegate.swift; sourceTree = "<group>"; };
		3FDA823B1BADC35900DC5676 /* ViewController.swift */ = {isa = PBXFileReference; lastKnownFileType = sourcecode.swift; path = ViewController.swift; sourceTree = "<group>"; };
		3FDA823E1BADC35900DC5676 /* Base */ = {isa = PBXFileReference; lastKnownFileType = file.storyboard; name = Base; path = Base.lproj/Main.storyboard; sourceTree = "<group>"; };
		3FDA82401BADC35900DC5676 /* Images.xcassets */ = {isa = PBXFileReference; lastKnownFileType = folder.assetcatalog; path = Images.xcassets; sourceTree = "<group>"; };
		3FDA82431BADC35900DC5676 /* Base */ = {isa = PBXFileReference; lastKnownFileType = file.xib; name = Base; path = Base.lproj/LaunchScreen.xib; sourceTree = "<group>"; };
		3FDA82491BADC35900DC5676 /* FunFactsTests.xctest */ = {isa = PBXFileReference; explicitFileType = wrapper.cfbundle; includeInIndex = 0; path = FunFactsTests.xctest; sourceTree = BUILT_PRODUCTS_DIR; };
		3FDA824E1BADC35900DC5676 /* Info.plist */ = {isa = PBXFileReference; lastKnownFileType = text.plist.xml; path = Info.plist; sourceTree = "<group>"; };
		3FDA824F1BADC35900DC5676 /* FunFactsTests.swift */ = {isa = PBXFileReference; lastKnownFileType = sourcecode.swift; path = FunFactsTests.swift; sourceTree = "<group>"; };
		3FDA82591BAE1DAC00DC5676 /* FactBook.swift */ = {isa = PBXFileReference; fileEncoding = 4; lastKnownFileType = sourcecode.swift; path = FactBook.swift; sourceTree = "<group>"; };
		3FDA825B1BAE2DBB00DC5676 /* ColorWheel.swift */ = {isa = PBXFileReference; fileEncoding = 4; lastKnownFileType = sourcecode.swift; path = ColorWheel.swift; sourceTree = "<group>"; };
/* End PBXFileReference section */

/* Begin PBXFrameworksBuildPhase section */
		3FDA82311BADC35900DC5676 /* Frameworks */ = {
			isa = PBXFrameworksBuildPhase;
			buildActionMask = 2147483647;
			files = (
			);
			runOnlyForDeploymentPostprocessing = 0;
		};
		3FDA82461BADC35900DC5676 /* Frameworks */ = {
			isa = PBXFrameworksBuildPhase;
			buildActionMask = 2147483647;
			files = (
			);
			runOnlyForDeploymentPostprocessing = 0;
		};
/* End PBXFrameworksBuildPhase section */

/* Begin PBXGroup section */
		3FDA822B1BADC35900DC5676 = {
			isa = PBXGroup;
			children = (
				3FDA82361BADC35900DC5676 /* FunFacts */,
				3FDA824C1BADC35900DC5676 /* FunFactsTests */,
				3FDA82351BADC35900DC5676 /* Products */,
			);
			sourceTree = "<group>";
		};
		3FDA82351BADC35900DC5676 /* Products */ = {
			isa = PBXGroup;
			children = (
				3FDA82341BADC35900DC5676 /* FunFacts.app */,
				3FDA82491BADC35900DC5676 /* FunFactsTests.xctest */,
			);
			name = Products;
			sourceTree = "<group>";
		};
		3FDA82361BADC35900DC5676 /* FunFacts */ = {
			isa = PBXGroup;
			children = (
				3FDA82391BADC35900DC5676 /* AppDelegate.swift */,
				3FDA82591BAE1DAC00DC5676 /* FactBook.swift */,
				3FDA823B1BADC35900DC5676 /* ViewController.swift */,
				3FDA823D1BADC35900DC5676 /* Main.storyboard */,
				3FDA82401BADC35900DC5676 /* Images.xcassets */,
				3FDA82421BADC35900DC5676 /* LaunchScreen.xib */,
				3FDA82371BADC35900DC5676 /* Supporting Files */,
				3FDA825B1BAE2DBB00DC5676 /* ColorWheel.swift */,
			);
			path = FunFacts;
			sourceTree = "<group>";
		};
		3FDA82371BADC35900DC5676 /* Supporting Files */ = {
			isa = PBXGroup;
			children = (
				3FDA82381BADC35900DC5676 /* Info.plist */,
			);
			name = "Supporting Files";
			sourceTree = "<group>";
		};
		3FDA824C1BADC35900DC5676 /* FunFactsTests */ = {
			isa = PBXGroup;
			children = (
				3FDA824F1BADC35900DC5676 /* FunFactsTests.swift */,
				3FDA824D1BADC35900DC5676 /* Supporting Files */,
			);
			path = FunFactsTests;
			sourceTree = "<group>";
		};
		3FDA824D1BADC35900DC5676 /* Supporting Files */ = {
			isa = PBXGroup;
			children = (
				3FDA824E1BADC35900DC5676 /* Info.plist */,
			);
			name = "Supporting Files";
			sourceTree = "<group>";
		};
/* End PBXGroup section */

/* Begin PBXNativeTarget section */
		3FDA82331BADC35900DC5676 /* FunFacts */ = {
			isa = PBXNativeTarget;
			buildConfigurationList = 3FDA82531BADC35900DC5676 /* Build configuration list for PBXNativeTarget "FunFacts" */;
			buildPhases = (
				3FDA82301BADC35900DC5676 /* Sources */,
				3FDA82311BADC35900DC5676 /* Frameworks */,
				3FDA82321BADC35900DC5676 /* Resources */,
			);
			buildRules = (
			);
			dependencies = (
			);
			name = FunFacts;
			productName = FunFacts;
			productReference = 3FDA82341BADC35900DC5676 /* FunFacts.app */;
			productType = "com.apple.product-type.application";
		};
		3FDA82481BADC35900DC5676 /* FunFactsTests */ = {
			isa = PBXNativeTarget;
			buildConfigurationList = 3FDA82561BADC35900DC5676 /* Build configuration list for PBXNativeTarget "FunFactsTests" */;
			buildPhases = (
				3FDA82451BADC35900DC5676 /* Sources */,
				3FDA82461BADC35900DC5676 /* Frameworks */,
				3FDA82471BADC35900DC5676 /* Resources */,
			);
			buildRules = (
			);
			dependencies = (
				3FDA824B1BADC35900DC5676 /* PBXTargetDependency */,
			);
			name = FunFactsTests;
			productName = FunFactsTests;
			productReference = 3FDA82491BADC35900DC5676 /* FunFactsTests.xctest */;
			productType = "com.apple.product-type.bundle.unit-test";
		};
/* End PBXNativeTarget section */

/* Begin PBXProject section */
		3FDA822C1BADC35900DC5676 /* Project object */ = {
			isa = PBXProject;
			attributes = {
				LastUpgradeCheck = 0640;
				ORGANIZATIONNAME = "Charles Findlay";
				TargetAttributes = {
					3FDA82331BADC35900DC5676 = {
						CreatedOnToolsVersion = 6.4;
					};
					3FDA82481BADC35900DC5676 = {
						CreatedOnToolsVersion = 6.4;
						TestTargetID = 3FDA82331BADC35900DC5676;
					};
				};
			};
			buildConfigurationList = 3FDA822F1BADC35900DC5676 /* Build configuration list for PBXProject "FunFacts" */;
			compatibilityVersion = "Xcode 3.2";
			developmentRegion = English;
			hasScannedForEncodings = 0;
			knownRegions = (
				en,
				Base,
			);
			mainGroup = 3FDA822B1BADC35900DC5676;
			productRefGroup = 3FDA82351BADC35900DC5676 /* Products */;
			projectDirPath = "";
			projectRoot = "";
			targets = (
				3FDA82331BADC35900DC5676 /* FunFacts */,
				3FDA82481BADC35900DC5676 /* FunFactsTests */,
			);
		};
/* End PBXProject section */

/* Begin PBXResourcesBuildPhase section */
		3FDA82321BADC35900DC5676 /* Resources */ = {
			isa = PBXResourcesBuildPhase;
			buildActionMask = 2147483647;
			files = (
				3FDA823F1BADC35900DC5676 /* Main.storyboard in Resources */,
				3FDA82441BADC35900DC5676 /* LaunchScreen.xib in Resources */,
				3FDA82411BADC35900DC5676 /* Images.xcassets in Resources */,
			);
			runOnlyForDeploymentPostprocessing = 0;
		};
		3FDA82471BADC35900DC5676 /* Resources */ = {
			isa = PBXResourcesBuildPhase;
			buildActionMask = 2147483647;
			files = (
			);
			runOnlyForDeploymentPostprocessing = 0;
		};
/* End PBXResourcesBuildPhase section */

/* Begin PBXSourcesBuildPhase section */
		3FDA82301BADC35900DC5676 /* Sources */ = {
			isa = PBXSourcesBuildPhase;
			buildActionMask = 2147483647;
			files = (
				3FDA825A1BAE1DAC00DC5676 /* FactBook.swift in Sources */,
				3FDA823C1BADC35900DC5676 /* ViewController.swift in Sources */,
				3FDA823A1BADC35900DC5676 /* AppDelegate.swift in Sources */,
				3FDA825C1BAE2DBB00DC5676 /* ColorWheel.swift in Sources */,
			);
			runOnlyForDeploymentPostprocessing = 0;
		};
		3FDA82451BADC35900DC5676 /* Sources */ = {
			isa = PBXSourcesBuildPhase;
			buildActionMask = 2147483647;
			files = (
				3FDA82501BADC35900DC5676 /* FunFactsTests.swift in Sources */,
			);
			runOnlyForDeploymentPostprocessing = 0;
		};
/* End PBXSourcesBuildPhase section */

/* Begin PBXTargetDependency section */
		3FDA824B1BADC35900DC5676 /* PBXTargetDependency */ = {
			isa = PBXTargetDependency;
			target = 3FDA82331BADC35900DC5676 /* FunFacts */;
			targetProxy = 3FDA824A1BADC35900DC5676 /* PBXContainerItemProxy */;
		};
/* End PBXTargetDependency section */

/* Begin PBXVariantGroup section */
		3FDA823D1BADC35900DC5676 /* Main.storyboard */ = {
			isa = PBXVariantGroup;
			children = (
				3FDA823E1BADC35900DC5676 /* Base */,
			);
			name = Main.storyboard;
			sourceTree = "<group>";
		};
		3FDA82421BADC35900DC5676 /* LaunchScreen.xib */ = {
			isa = PBXVariantGroup;
			children = (
				3FDA82431BADC35900DC5676 /* Base */,
			);
			name = LaunchScreen.xib;
			sourceTree = "<group>";
		};
/* End PBXVariantGroup section */

/* Begin XCBuildConfiguration section */
		3FDA82511BADC35900DC5676 /* Debug */ = {
			isa = XCBuildConfiguration;
			buildSettings = {
				ALWAYS_SEARCH_USER_PATHS = NO;
				CLANG_CXX_LANGUAGE_STANDARD = "gnu++0x";
				CLANG_CXX_LIBRARY = "libc++";
				CLANG_ENABLE_MODULES = YES;
				CLANG_ENABLE_OBJC_ARC = YES;
				CLANG_WARN_BOOL_CONVERSION = YES;
				CLANG_WARN_CONSTANT_CONVERSION = YES;
				CLANG_WARN_DIRECT_OBJC_ISA_USAGE = YES_ERROR;
				CLANG_WARN_EMPTY_BODY = YES;
				CLANG_WARN_ENUM_CONVERSION = YES;
				CLANG_WARN_INT_CONVERSION = YES;
				CLANG_WARN_OBJC_ROOT_CLASS = YES_ERROR;
				CLANG_WARN_UNREACHABLE_CODE = YES;
				CLANG_WARN__DUPLICATE_METHOD_MATCH = YES;
				"CODE_SIGN_IDENTITY[sdk=iphoneos*]" = "iPhone Developer";
				COPY_PHASE_STRIP = NO;
				DEBUG_INFORMATION_FORMAT = "dwarf-with-dsym";
				ENABLE_STRICT_OBJC_MSGSEND = YES;
				GCC_C_LANGUAGE_STANDARD = gnu99;
				GCC_DYNAMIC_NO_PIC = NO;
				GCC_NO_COMMON_BLOCKS = YES;
				GCC_OPTIMIZATION_LEVEL = 0;
				GCC_PREPROCESSOR_DEFINITIONS = (
					"DEBUG=1",
					"$(inherited)",
				);
				GCC_SYMBOLS_PRIVATE_EXTERN = NO;
				GCC_WARN_64_TO_32_BIT_CONVERSION = YES;
				GCC_WARN_ABOUT_RETURN_TYPE = YES_ERROR;
				GCC_WARN_UNDECLARED_SELECTOR = YES;
				GCC_WARN_UNINITIALIZED_AUTOS = YES_AGGRESSIVE;
				GCC_WARN_UNUSED_FUNCTION = YES;
				GCC_WARN_UNUSED_VARIABLE = YES;
				IPHONEOS_DEPLOYMENT_TARGET = 8.4;
				MTL_ENABLE_DEBUG_INFO = YES;
				ONLY_ACTIVE_ARCH = YES;
				SDKROOT = iphoneos;
				SWIFT_OPTIMIZATION_LEVEL = "-Onone";
			};
			name = Debug;
		};
		3FDA82521BADC35900DC5676 /* Release */ = {
			isa = XCBuildConfiguration;
			buildSettings = {
				ALWAYS_SEARCH_USER_PATHS = NO;
				CLANG_CXX_LANGUAGE_STANDARD = "gnu++0x";
				CLANG_CXX_LIBRARY = "libc++";
				CLANG_ENABLE_MODULES = YES;
				CLANG_ENABLE_OBJC_ARC = YES;
				CLANG_WARN_BOOL_CONVERSION = YES;
				CLANG_WARN_CONSTANT_CONVERSION = YES;
				CLANG_WARN_DIRECT_OBJC_ISA_USAGE = YES_ERROR;
				CLANG_WARN_EMPTY_BODY = YES;
				CLANG_WARN_ENUM_CONVERSION = YES;
				CLANG_WARN_INT_CONVERSION = YES;
				CLANG_WARN_OBJC_ROOT_CLASS = YES_ERROR;
				CLANG_WARN_UNREACHABLE_CODE = YES;
				CLANG_WARN__DUPLICATE_METHOD_MATCH = YES;
				"CODE_SIGN_IDENTITY[sdk=iphoneos*]" = "iPhone Developer";
				COPY_PHASE_STRIP = NO;
				DEBUG_INFORMATION_FORMAT = "dwarf-with-dsym";
				ENABLE_NS_ASSERTIONS = NO;
				ENABLE_STRICT_OBJC_MSGSEND = YES;
				GCC_C_LANGUAGE_STANDARD = gnu99;
				GCC_NO_COMMON_BLOCKS = YES;
				GCC_WARN_64_TO_32_BIT_CONVERSION = YES;
				GCC_WARN_ABOUT_RETURN_TYPE = YES_ERROR;
				GCC_WARN_UNDECLARED_SELECTOR = YES;
				GCC_WARN_UNINITIALIZED_AUTOS = YES_AGGRESSIVE;
				GCC_WARN_UNUSED_FUNCTION = YES;
				GCC_WARN_UNUSED_VARIABLE = YES;
				IPHONEOS_DEPLOYMENT_TARGET = 8.4;
				MTL_ENABLE_DEBUG_INFO = NO;
				SDKROOT = iphoneos;
				VALIDATE_PRODUCT = YES;
			};
			name = Release;
		};
		3FDA82541BADC35900DC5676 /* Debug */ = {
			isa = XCBuildConfiguration;
			buildSettings = {
				ASSETCATALOG_COMPILER_APPICON_NAME = AppIcon;
				INFOPLIST_FILE = FunFacts/Info.plist;
				LD_RUNPATH_SEARCH_PATHS = "$(inherited) @executable_path/Frameworks";
				PRODUCT_NAME = "$(TARGET_NAME)";
			};
			name = Debug;
		};
		3FDA82551BADC35900DC5676 /* Release */ = {
			isa = XCBuildConfiguration;
			buildSettings = {
				ASSETCATALOG_COMPILER_APPICON_NAME = AppIcon;
				INFOPLIST_FILE = FunFacts/Info.plist;
				LD_RUNPATH_SEARCH_PATHS = "$(inherited) @executable_path/Frameworks";
				PRODUCT_NAME = "$(TARGET_NAME)";
			};
			name = Release;
		};
		3FDA82571BADC35900DC5676 /* Debug */ = {
			isa = XCBuildConfiguration;
			buildSettings = {
				BUNDLE_LOADER = "$(TEST_HOST)";
				FRAMEWORK_SEARCH_PATHS = (
					"$(SDKROOT)/Developer/Library/Frameworks",
					"$(inherited)",
				);
				GCC_PREPROCESSOR_DEFINITIONS = (
					"DEBUG=1",
					"$(inherited)",
				);
				INFOPLIST_FILE = FunFactsTests/Info.plist;
				LD_RUNPATH_SEARCH_PATHS = "$(inherited) @executable_path/Frameworks @loader_path/Frameworks";
				PRODUCT_NAME = "$(TARGET_NAME)";
				TEST_HOST = "$(BUILT_PRODUCTS_DIR)/FunFacts.app/FunFacts";
			};
			name = Debug;
		};
		3FDA82581BADC35900DC5676 /* Release */ = {
			isa = XCBuildConfiguration;
			buildSettings = {
				BUNDLE_LOADER = "$(TEST_HOST)";
				FRAMEWORK_SEARCH_PATHS = (
					"$(SDKROOT)/Developer/Library/Frameworks",
					"$(inherited)",
				);
				INFOPLIST_FILE = FunFactsTests/Info.plist;
				LD_RUNPATH_SEARCH_PATHS = "$(inherited) @executable_path/Frameworks @loader_path/Frameworks";
				PRODUCT_NAME = "$(TARGET_NAME)";
				TEST_HOST = "$(BUILT_PRODUCTS_DIR)/FunFacts.app/FunFacts";
			};
			name = Release;
		};
/* End XCBuildConfiguration section */

/* Begin XCConfigurationList section */
		3FDA822F1BADC35900DC5676 /* Build configuration list for PBXProject "FunFacts" */ = {
			isa = XCConfigurationList;
			buildConfigurations = (
				3FDA82511BADC35900DC5676 /* Debug */,
				3FDA82521BADC35900DC5676 /* Release */,
			);
			defaultConfigurationIsVisible = 0;
			defaultConfigurationName = Release;
		};
		3FDA82531BADC35900DC5676 /* Build configuration list for PBXNativeTarget "FunFacts" */ = {
			isa = XCConfigurationList;
			buildConfigurations = (
				3FDA82541BADC35900DC5676 /* Debug */,
				3FDA82551BADC35900DC5676 /* Release */,
			);
			defaultConfigurationIsVisible = 0;
		};
		3FDA82561BADC35900DC5676 /* Build configuration list for PBXNativeTarget "FunFactsTests" */ = {
			isa = XCConfigurationList;
			buildConfigurations = (
				3FDA82571BADC35900DC5676 /* Debug */,
				3FDA82581BADC35900DC5676 /* Release */,
			);
			defaultConfigurationIsVisible = 0;
		};
/* End XCConfigurationList section */
	};
	rootObject = 3FDA822C1BADC35900DC5676 /* Project object */;
}
